
Microsoft Visual Studio Solution File, Format Version 12.00
# Visual Studio Version 17
VisualStudioVersion = 17.4.33110.190
MinimumVisualStudioVersion = 10.0.40219.1
Project("{8BC9CEB8-8B4A-11D0-8D11-00A0C91BC942}") = "CoinDB", "CoinDB\CoinDB.vcxproj", "{8842AD3A-60A5-4AB7-B75A-7FE186DBA422}"
EndProject
Global
	GlobalSection(SolutionConfigurationPlatforms) = preSolution
		Debug|x64 = Debug|x64
		Debug|x86 = Debug|x86
		Release|x64 = Release|x64
		Release|x86 = Release|x86
	EndGlobalSection
	GlobalSection(ProjectConfigurationPlatforms) = postSolution
		{8842AD3A-60A5-4AB7-B75A-7FE186DBA422}.Debug|x64.ActiveCfg = Debug|x64
		{8842AD3A-60A5-4AB7-B75A-7FE186DBA422}.Debug|x64.Build.0 = Debug|x64
		{8842AD3A-60A5-4AB7-B75A-7FE186DBA422}.Debug|x86.ActiveCfg = Debug|Win32
		{8842AD3A-60A5-4AB7-B75A-7FE186DBA422}.Debug|x86.Build.0 = Debug|Win32
		{8842AD3A-60A5-4AB7-B75A-7FE186DBA422}.Release|x64.ActiveCfg = Release|x64
		{8842AD3A-60A5-4AB7-B75A-7FE186DBA422}.Release|x64.Build.0 = Release|x64
		{8842AD3A-60A5-4AB7-B75A-7FE186DBA422}.Release|x86.ActiveCfg = Release|Win32
		{8842AD3A-60A5-4AB7-B75A-7FE186DBA422}.Release|x86.Build.0 = Release|Win32
	EndGlobalSection
	GlobalSection(SolutionProperties) = preSolution
		HideSolutionNode = FALSE
	EndGlobalSection
	GlobalSection(ExtensibilityGlobals) = postSolution
		SolutionGuid = {A192FBE5-8D67-439D-9746-5F721BB9ACFA}
	EndGlobalSection
EndGlobal
